// !$*UTF8*$!
{
	archiveVersion = 1;
	classes = {
	};
	objectVersion = 46;
	objects = {

/* Begin PBXBuildFile section */
		0400AE2419E707B500357D2D /* person.cpp in Sources */ = {isa = PBXBuildFile; fileRef = 0400AE2219E707B500357D2D /* person.cpp */; };
		040CC6FF19F0063700611C57 /* update.cpp in Sources */ = {isa = PBXBuildFile; fileRef = 040CC6FD19F0063700611C57 /* update.cpp */; };
		0447636F19E694AD001C5089 /* events.cpp in Sources */ = {isa = PBXBuildFile; fileRef = 0447636D19E694AD001C5089 /* events.cpp */; };
		04CD81C719A9051C004432AC /* main.cpp in Sources */ = {isa = PBXBuildFile; fileRef = 04CD81C619A9051C004432AC /* main.cpp */; };
		04CD81C919A9051C004432AC /* priorityQ.1 in CopyFiles */ = {isa = PBXBuildFile; fileRef = 04CD81C819A9051C004432AC /* priorityQ.1 */; };
		04EAF85C19E58A5F0058B45A /* event.cpp in Sources */ = {isa = PBXBuildFile; fileRef = 04EAF85A19E58A5F0058B45A /* event.cpp */; };
		04EAF85F19E58E0E0058B45A /* eventQ.cpp in Sources */ = {isa = PBXBuildFile; fileRef = 04EAF85D19E58E0E0058B45A /* eventQ.cpp */; };
		04F71B6A19EECC4600D72B67 /* cohort.cpp in Sources */ = {isa = PBXBuildFile; fileRef = 04F71B6819EECC4600D72B67 /* cohort.cpp */; };
/* End PBXBuildFile section */

/* Begin PBXCopyFilesBuildPhase section */
		04CD81C119A9051C004432AC /* CopyFiles */ = {
			isa = PBXCopyFilesBuildPhase;
			buildActionMask = 2147483647;
			dstPath = /usr/share/man/man1/;
			dstSubfolderSpec = 0;
			files = (
				04CD81C919A9051C004432AC /* priorityQ.1 in CopyFiles */,
			);
			runOnlyForDeploymentPostprocessing = 1;
		};
/* End PBXCopyFilesBuildPhase section */

/* Begin PBXFileReference section */
		0400AE2219E707B500357D2D /* person.cpp */ = {isa = PBXFileReference; fileEncoding = 4; lastKnownFileType = sourcecode.cpp.cpp; path = person.cpp; sourceTree = "<group>"; };
		0400AE2319E707B500357D2D /* person.h */ = {isa = PBXFileReference; fileEncoding = 4; lastKnownFileType = sourcecode.c.h; path = person.h; sourceTree = "<group>"; };
		0400AE2819E817FE00357D2D /* rng.h */ = {isa = PBXFileReference; fileEncoding = 4; lastKnownFileType = sourcecode.c.h; path = rng.h; sourceTree = "<group>"; };
		040CC6FD19F0063700611C57 /* update.cpp */ = {isa = PBXFileReference; fileEncoding = 4; lastKnownFileType = sourcecode.cpp.cpp; path = update.cpp; sourceTree = "<group>"; };
		040CC6FE19F0063700611C57 /* update.h */ = {isa = PBXFileReference; fileEncoding = 4; lastKnownFileType = sourcecode.c.h; path = update.h; sourceTree = "<group>"; };
		0447636D19E694AD001C5089 /* events.cpp */ = {isa = PBXFileReference; fileEncoding = 4; lastKnownFileType = sourcecode.cpp.cpp; path = events.cpp; sourceTree = "<group>"; };
		0447636E19E694AD001C5089 /* events.h */ = {isa = PBXFileReference; fileEncoding = 4; lastKnownFileType = sourcecode.c.h; path = events.h; sourceTree = "<group>"; };
		04CD81C319A9051C004432AC /* priorityQ */ = {isa = PBXFileReference; explicitFileType = "compiled.mach-o.executable"; includeInIndex = 0; path = priorityQ; sourceTree = BUILT_PRODUCTS_DIR; };
		04CD81C619A9051C004432AC /* main.cpp */ = {isa = PBXFileReference; lastKnownFileType = sourcecode.cpp.cpp; path = main.cpp; sourceTree = "<group>"; };
		04CD81C819A9051C004432AC /* priorityQ.1 */ = {isa = PBXFileReference; lastKnownFileType = text.man; path = priorityQ.1; sourceTree = "<group>"; };
		04EAF85A19E58A5F0058B45A /* event.cpp */ = {isa = PBXFileReference; fileEncoding = 4; lastKnownFileType = sourcecode.cpp.cpp; path = event.cpp; sourceTree = "<group>"; };
		04EAF85B19E58A5F0058B45A /* event.h */ = {isa = PBXFileReference; fileEncoding = 4; lastKnownFileType = sourcecode.c.h; path = event.h; sourceTree = "<group>"; };
		04EAF85D19E58E0E0058B45A /* eventQ.cpp */ = {isa = PBXFileReference; fileEncoding = 4; lastKnownFileType = sourcecode.cpp.cpp; path = eventQ.cpp; sourceTree = "<group>"; };
		04EAF85E19E58E0E0058B45A /* eventQ.h */ = {isa = PBXFileReference; fileEncoding = 4; lastKnownFileType = sourcecode.c.h; path = eventQ.h; sourceTree = "<group>"; };
		04F71B6819EECC4600D72B67 /* cohort.cpp */ = {isa = PBXFileReference; fileEncoding = 4; lastKnownFileType = sourcecode.cpp.cpp; path = cohort.cpp; sourceTree = "<group>"; };
		04F71B6919EECC4600D72B67 /* cohort.h */ = {isa = PBXFileReference; fileEncoding = 4; lastKnownFileType = sourcecode.c.h; path = cohort.h; sourceTree = "<group>"; };
/* End PBXFileReference section */

/* Begin PBXFrameworksBuildPhase section */
		04CD81C019A9051C004432AC /* Frameworks */ = {
			isa = PBXFrameworksBuildPhase;
			buildActionMask = 2147483647;
			files = (
			);
			runOnlyForDeploymentPostprocessing = 0;
		};
/* End PBXFrameworksBuildPhase section */

/* Begin PBXGroup section */
		04CD81BA19A9051C004432AC = {
			isa = PBXGroup;
			children = (
				04CD81C519A9051C004432AC /* priorityQ */,
				04CD81C419A9051C004432AC /* Products */,
			);
			sourceTree = "<group>";
		};
		04CD81C419A9051C004432AC /* Products */ = {
			isa = PBXGroup;
			children = (
				04CD81C319A9051C004432AC /* priorityQ */,
			);
			name = Products;
			sourceTree = "<group>";
		};
		04CD81C519A9051C004432AC /* priorityQ */ = {
			isa = PBXGroup;
			children = (
				04CD81C619A9051C004432AC /* main.cpp */,
				04F71B6819EECC4600D72B67 /* cohort.cpp */,
				04F71B6919EECC4600D72B67 /* cohort.h */,
				04EAF85D19E58E0E0058B45A /* eventQ.cpp */,
				04EAF85E19E58E0E0058B45A /* eventQ.h */,
				040CC6FD19F0063700611C57 /* update.cpp */,
				040CC6FE19F0063700611C57 /* update.h */,
				04EAF85A19E58A5F0058B45A /* event.cpp */,
				04EAF85B19E58A5F0058B45A /* event.h */,
				0447636D19E694AD001C5089 /* events.cpp */,
				0447636E19E694AD001C5089 /* events.h */,
				0400AE2819E817FE00357D2D /* rng.h */,
				0400AE2219E707B500357D2D /* person.cpp */,
				0400AE2319E707B500357D2D /* person.h */,
				04CD81C819A9051C004432AC /* priorityQ.1 */,
			);
			path = priorityQ;
			sourceTree = "<group>";
		};
/* End PBXGroup section */

/* Begin PBXNativeTarget section */
		04CD81C219A9051C004432AC /* priorityQ */ = {
			isa = PBXNativeTarget;
			buildConfigurationList = 04CD81CC19A9051C004432AC /* Build configuration list for PBXNativeTarget "priorityQ" */;
			buildPhases = (
				04CD81BF19A9051C004432AC /* Sources */,
				04CD81C019A9051C004432AC /* Frameworks */,
				04CD81C119A9051C004432AC /* CopyFiles */,
			);
			buildRules = (
			);
			dependencies = (
			);
			name = priorityQ;
			productName = priorityQ;
			productReference = 04CD81C319A9051C004432AC /* priorityQ */;
			productType = "com.apple.product-type.tool";
		};
/* End PBXNativeTarget section */

/* Begin PBXProject section */
		04CD81BB19A9051C004432AC /* Project object */ = {
			isa = PBXProject;
			attributes = {
				LastUpgradeCheck = 0510;
				ORGANIZATIONNAME = "Jack Olney";
			};
			buildConfigurationList = 04CD81BE19A9051C004432AC /* Build configuration list for PBXProject "priorityQ" */;
			compatibilityVersion = "Xcode 3.2";
			developmentRegion = English;
			hasScannedForEncodings = 0;
			knownRegions = (
				en,
			);
			mainGroup = 04CD81BA19A9051C004432AC;
			productRefGroup = 04CD81C419A9051C004432AC /* Products */;
			projectDirPath = "";
			projectRoot = "";
			targets = (
				04CD81C219A9051C004432AC /* priorityQ */,
			);
		};
/* End PBXProject section */

/* Begin PBXSourcesBuildPhase section */
		04CD81BF19A9051C004432AC /* Sources */ = {
			isa = PBXSourcesBuildPhase;
			buildActionMask = 2147483647;
			files = (
				0447636F19E694AD001C5089 /* events.cpp in Sources */,
				04F71B6A19EECC4600D72B67 /* cohort.cpp in Sources */,
				04EAF85C19E58A5F0058B45A /* event.cpp in Sources */,
				04EAF85F19E58E0E0058B45A /* eventQ.cpp in Sources */,
				04CD81C719A9051C004432AC /* main.cpp in Sources */,
				0400AE2419E707B500357D2D /* person.cpp in Sources */,
				040CC6FF19F0063700611C57 /* update.cpp in Sources */,
			);
			runOnlyForDeploymentPostprocessing = 0;
		};
/* End PBXSourcesBuildPhase section */

/* Begin XCBuildConfiguration section */
		04CD81CA19A9051C004432AC /* Debug */ = {
			isa = XCBuildConfiguration;
			buildSettings = {
				ALWAYS_SEARCH_USER_PATHS = NO;
				CLANG_CXX_LANGUAGE_STANDARD = "gnu++0x";
				CLANG_CXX_LIBRARY = "libc++";
				CLANG_ENABLE_MODULES = YES;
				CLANG_ENABLE_OBJC_ARC = YES;
				CLANG_WARN_BOOL_CONVERSION = YES;
				CLANG_WARN_CONSTANT_CONVERSION = YES;
				CLANG_WARN_DIRECT_OBJC_ISA_USAGE = YES_ERROR;
				CLANG_WARN_EMPTY_BODY = YES;
				CLANG_WARN_ENUM_CONVERSION = YES;
				CLANG_WARN_INT_CONVERSION = YES;
				CLANG_WARN_OBJC_ROOT_CLASS = YES_ERROR;
				CLANG_WARN__DUPLICATE_METHOD_MATCH = YES;
				COPY_PHASE_STRIP = YES;
				GCC_C_LANGUAGE_STANDARD = gnu99;
				GCC_DYNAMIC_NO_PIC = NO;
				GCC_ENABLE_OBJC_EXCEPTIONS = YES;
				GCC_OPTIMIZATION_LEVEL = 0;
				GCC_PREPROCESSOR_DEFINITIONS = (
					"DEBUG=1",
					"$(inherited)",
				);
				GCC_SYMBOLS_PRIVATE_EXTERN = NO;
				GCC_WARN_64_TO_32_BIT_CONVERSION = YES;
				GCC_WARN_ABOUT_RETURN_TYPE = YES_ERROR;
				GCC_WARN_UNDECLARED_SELECTOR = YES;
				GCC_WARN_UNINITIALIZED_AUTOS = YES_AGGRESSIVE;
				GCC_WARN_UNUSED_FUNCTION = YES;
				GCC_WARN_UNUSED_VARIABLE = YES;
				MACOSX_DEPLOYMENT_TARGET = 10.10;
				ONLY_ACTIVE_ARCH = YES;
				SDKROOT = macosx;
			};
			name = Debug;
		};
		04CD81CB19A9051C004432AC /* Release */ = {
			isa = XCBuildConfiguration;
			buildSettings = {
				ALWAYS_SEARCH_USER_PATHS = NO;
				CLANG_CXX_LANGUAGE_STANDARD = "gnu++0x";
				CLANG_CXX_LIBRARY = "libc++";
				CLANG_ENABLE_MODULES = YES;
				CLANG_ENABLE_OBJC_ARC = YES;
				CLANG_WARN_BOOL_CONVERSION = YES;
				CLANG_WARN_CONSTANT_CONVERSION = YES;
				CLANG_WARN_DIRECT_OBJC_ISA_USAGE = YES_ERROR;
				CLANG_WARN_EMPTY_BODY = YES;
				CLANG_WARN_ENUM_CONVERSION = YES;
				CLANG_WARN_INT_CONVERSION = YES;
				CLANG_WARN_OBJC_ROOT_CLASS = YES_ERROR;
				CLANG_WARN__DUPLICATE_METHOD_MATCH = YES;
				COPY_PHASE_STRIP = YES;
				DEBUG_INFORMATION_FORMAT = "dwarf-with-dsym";
				ENABLE_NS_ASSERTIONS = NO;
				GCC_C_LANGUAGE_STANDARD = gnu99;
				GCC_ENABLE_OBJC_EXCEPTIONS = YES;
				GCC_WARN_64_TO_32_BIT_CONVERSION = YES;
				GCC_WARN_ABOUT_RETURN_TYPE = YES_ERROR;
				GCC_WARN_UNDECLARED_SELECTOR = YES;
				GCC_WARN_UNINITIALIZED_AUTOS = YES_AGGRESSIVE;
				GCC_WARN_UNUSED_FUNCTION = YES;
				GCC_WARN_UNUSED_VARIABLE = YES;
				MACOSX_DEPLOYMENT_TARGET = 10.10;
				SDKROOT = macosx;
			};
			name = Release;
		};
		04CD81CD19A9051C004432AC /* Debug */ = {
			isa = XCBuildConfiguration;
			buildSettings = {
				PRODUCT_NAME = "$(TARGET_NAME)";
			};
			name = Debug;
		};
		04CD81CE19A9051C004432AC /* Release */ = {
			isa = XCBuildConfiguration;
			buildSettings = {
				PRODUCT_NAME = "$(TARGET_NAME)";
			};
			name = Release;
		};
/* End XCBuildConfiguration section */

/* Begin XCConfigurationList section */
		04CD81BE19A9051C004432AC /* Build configuration list for PBXProject "priorityQ" */ = {
			isa = XCConfigurationList;
			buildConfigurations = (
				04CD81CA19A9051C004432AC /* Debug */,
				04CD81CB19A9051C004432AC /* Release */,
			);
			defaultConfigurationIsVisible = 0;
			defaultConfigurationName = Release;
		};
		04CD81CC19A9051C004432AC /* Build configuration list for PBXNativeTarget "priorityQ" */ = {
			isa = XCConfigurationList;
			buildConfigurations = (
				04CD81CD19A9051C004432AC /* Debug */,
				04CD81CE19A9051C004432AC /* Release */,
			);
			defaultConfigurationIsVisible = 0;
			defaultConfigurationName = Release;
		};
/* End XCConfigurationList section */
	};
	rootObject = 04CD81BB19A9051C004432AC /* Project object */;
}
